
Microsoft Visual Studio Solution File, Format Version 12.00
# Visual Studio Version 16
VisualStudioVersion = 16.0.30523.141
MinimumVisualStudioVersion = 10.0.40219.1
Project("{FAE04EC0-301F-11D3-BF4B-00C04F79EFBC}") = "lab4", "lab4\lab4.csproj", "{E18F0528-F870-45BE-9ED1-FEAD4383314E}"
EndProject
Global
	GlobalSection(SolutionConfigurationPlatforms) = preSolution
		Debug|Any CPU = Debug|Any CPU
		Release|Any CPU = Release|Any CPU
	EndGlobalSection
	GlobalSection(ProjectConfigurationPlatforms) = postSolution
		{E18F0528-F870-45BE-9ED1-FEAD4383314E}.Debug|Any CPU.ActiveCfg = Debug|Any CPU
		{E18F0528-F870-45BE-9ED1-FEAD4383314E}.Debug|Any CPU.Build.0 = Debug|Any CPU
		{E18F0528-F870-45BE-9ED1-FEAD4383314E}.Release|Any CPU.ActiveCfg = Release|Any CPU
		{E18F0528-F870-45BE-9ED1-FEAD4383314E}.Release|Any CPU.Build.0 = Release|Any CPU
	EndGlobalSection
	GlobalSection(SolutionProperties) = preSolution
		HideSolutionNode = FALSE
	EndGlobalSection
	GlobalSection(ExtensibilityGlobals) = postSolution
		SolutionGuid = {F6A725EA-B603-4AF4-A7CC-BF116433BD5F}
	EndGlobalSection
EndGlobal
