
Microsoft Visual Studio Solution File, Format Version 12.00
# Visual Studio Version 16
VisualStudioVersion = 16.0.29609.76
MinimumVisualStudioVersion = 10.0.40219.1
Project("{8BC9CEB8-8B4A-11D0-8D11-00A0C91BC942}") = "Project5-2", "Project5-2\Project5-2.vcxproj", "{C978B149-4055-4BD4-AABE-7AB269F64BBF}"
EndProject
Global
	GlobalSection(SolutionConfigurationPlatforms) = preSolution
		Debug|x64 = Debug|x64
		Debug|x86 = Debug|x86
		Release|x64 = Release|x64
		Release|x86 = Release|x86
	EndGlobalSection
	GlobalSection(ProjectConfigurationPlatforms) = postSolution
		{C978B149-4055-4BD4-AABE-7AB269F64BBF}.Debug|x64.ActiveCfg = Debug|x64
		{C978B149-4055-4BD4-AABE-7AB269F64BBF}.Debug|x64.Build.0 = Debug|x64
		{C978B149-4055-4BD4-AABE-7AB269F64BBF}.Debug|x86.ActiveCfg = Debug|Win32
		{C978B149-4055-4BD4-AABE-7AB269F64BBF}.Debug|x86.Build.0 = Debug|Win32
		{C978B149-4055-4BD4-AABE-7AB269F64BBF}.Release|x64.ActiveCfg = Release|x64
		{C978B149-4055-4BD4-AABE-7AB269F64BBF}.Release|x64.Build.0 = Release|x64
		{C978B149-4055-4BD4-AABE-7AB269F64BBF}.Release|x86.ActiveCfg = Release|Win32
		{C978B149-4055-4BD4-AABE-7AB269F64BBF}.Release|x86.Build.0 = Release|Win32
	EndGlobalSection
	GlobalSection(SolutionProperties) = preSolution
		HideSolutionNode = FALSE
	EndGlobalSection
	GlobalSection(ExtensibilityGlobals) = postSolution
		SolutionGuid = {8B859AEA-C0A5-4600-981B-5D4BCA7AECAD}
	EndGlobalSection
EndGlobal
